// !$*UTF8*$!
{
	archiveVersion = 1;
	classes = {
	};
	objectVersion = 50;
	objects = {

/* Begin PBXBuildFile section */
		9600E5BF2566A03B0018D709 /* bubble.swift in Sources */ = {isa = PBXBuildFile; fileRef = 9600E5BE2566A03B0018D709 /* bubble.swift */; };
		9600E5C32566B6D20018D709 /* SoapBubble1080p.mov in Resources */ = {isa = PBXBuildFile; fileRef = 9600E5C22566B6D20018D709 /* SoapBubble1080p.mov */; };
		9600E5CB2566F6890018D709 /* thumbnail.png in Resources */ = {isa = PBXBuildFile; fileRef = 9600E5C92566F6890018D709 /* thumbnail.png */; };
		9600E5CC2566F6890018D709 /* thumbnail@2x.png in Resources */ = {isa = PBXBuildFile; fileRef = 9600E5CA2566F6890018D709 /* thumbnail@2x.png */; };
/* End PBXBuildFile section */

/* Begin PBXFileReference section */
		9600E5AF25669FF30018D709 /* bubble-screensaver.saver */ = {isa = PBXFileReference; explicitFileType = wrapper.cfbundle; includeInIndex = 0; path = "bubble-screensaver.saver"; sourceTree = BUILT_PRODUCTS_DIR; };
		9600E5B625669FF40018D709 /* Info.plist */ = {isa = PBXFileReference; lastKnownFileType = text.plist.xml; path = Info.plist; sourceTree = "<group>"; };
		9600E5BE2566A03B0018D709 /* bubble.swift */ = {isa = PBXFileReference; lastKnownFileType = sourcecode.swift; path = bubble.swift; sourceTree = "<group>"; };
		9600E5C22566B6D20018D709 /* SoapBubble1080p.mov */ = {isa = PBXFileReference; lastKnownFileType = video.quicktime; name = SoapBubble1080p.mov; path = "bubble-screensaver/SoapBubble1080p.mov"; sourceTree = "<group>"; };
		9600E5C92566F6890018D709 /* thumbnail.png */ = {isa = PBXFileReference; lastKnownFileType = image.png; name = thumbnail.png; path = "bubble-screensaver/thumbnail.png"; sourceTree = "<group>"; };
		9600E5CA2566F6890018D709 /* thumbnail@2x.png */ = {isa = PBXFileReference; lastKnownFileType = image.png; name = "thumbnail@2x.png"; path = "bubble-screensaver/thumbnail@2x.png"; sourceTree = "<group>"; };
/* End PBXFileReference section */

/* Begin PBXFrameworksBuildPhase section */
		9600E5AC25669FF30018D709 /* Frameworks */ = {
			isa = PBXFrameworksBuildPhase;
			buildActionMask = 2147483647;
			files = (
			);
			runOnlyForDeploymentPostprocessing = 0;
		};
/* End PBXFrameworksBuildPhase section */

/* Begin PBXGroup section */
		9600E5A525669FF30018D709 = {
			isa = PBXGroup;
			children = (
				9600E5C92566F6890018D709 /* thumbnail.png */,
				9600E5CA2566F6890018D709 /* thumbnail@2x.png */,
				9600E5C22566B6D20018D709 /* SoapBubble1080p.mov */,
				9600E5B125669FF40018D709 /* bubble-screensaver */,
				9600E5B025669FF30018D709 /* Products */,
			);
			sourceTree = "<group>";
		};
		9600E5B025669FF30018D709 /* Products */ = {
			isa = PBXGroup;
			children = (
				9600E5AF25669FF30018D709 /* bubble-screensaver.saver */,
			);
			name = Products;
			sourceTree = "<group>";
		};
		9600E5B125669FF40018D709 /* bubble-screensaver */ = {
			isa = PBXGroup;
			children = (
				9600E5B625669FF40018D709 /* Info.plist */,
				9600E5BE2566A03B0018D709 /* bubble.swift */,
			);
			path = "bubble-screensaver";
			sourceTree = "<group>";
		};
/* End PBXGroup section */

/* Begin PBXHeadersBuildPhase section */
		9600E5AA25669FF30018D709 /* Headers */ = {
			isa = PBXHeadersBuildPhase;
			buildActionMask = 2147483647;
			files = (
			);
			runOnlyForDeploymentPostprocessing = 0;
		};
/* End PBXHeadersBuildPhase section */

/* Begin PBXNativeTarget section */
		9600E5AE25669FF30018D709 /* bubble-screensaver */ = {
			isa = PBXNativeTarget;
			buildConfigurationList = 9600E5B925669FF40018D709 /* Build configuration list for PBXNativeTarget "bubble-screensaver" */;
			buildPhases = (
				9600E5AA25669FF30018D709 /* Headers */,
				9600E5AB25669FF30018D709 /* Sources */,
				9600E5AC25669FF30018D709 /* Frameworks */,
				9600E5AD25669FF30018D709 /* Resources */,
			);
			buildRules = (
			);
			dependencies = (
			);
			name = "bubble-screensaver";
			productName = "bubble-screensaver";
			productReference = 9600E5AF25669FF30018D709 /* bubble-screensaver.saver */;
			productType = "com.apple.product-type.bundle";
		};
/* End PBXNativeTarget section */

/* Begin PBXProject section */
		9600E5A625669FF30018D709 /* Project object */ = {
			isa = PBXProject;
			attributes = {
				LastUpgradeCheck = 1210;
				TargetAttributes = {
					9600E5AE25669FF30018D709 = {
						CreatedOnToolsVersion = 12.1;
						LastSwiftMigration = 1210;
					};
				};
			};
			buildConfigurationList = 9600E5A925669FF30018D709 /* Build configuration list for PBXProject "bubble-screensaver" */;
			compatibilityVersion = "Xcode 9.3";
			developmentRegion = en;
			hasScannedForEncodings = 0;
			knownRegions = (
				en,
				Base,
			);
			mainGroup = 9600E5A525669FF30018D709;
			productRefGroup = 9600E5B025669FF30018D709 /* Products */;
			projectDirPath = "";
			projectRoot = "";
			targets = (
				9600E5AE25669FF30018D709 /* bubble-screensaver */,
			);
		};
/* End PBXProject section */

/* Begin PBXResourcesBuildPhase section */
		9600E5AD25669FF30018D709 /* Resources */ = {
			isa = PBXResourcesBuildPhase;
			buildActionMask = 2147483647;
			files = (
				9600E5CB2566F6890018D709 /* thumbnail.png in Resources */,
				9600E5CC2566F6890018D709 /* thumbnail@2x.png in Resources */,
				9600E5C32566B6D20018D709 /* SoapBubble1080p.mov in Resources */,
			);
			runOnlyForDeploymentPostprocessing = 0;
		};
/* End PBXResourcesBuildPhase section */

/* Begin PBXSourcesBuildPhase section */
		9600E5AB25669FF30018D709 /* Sources */ = {
			isa = PBXSourcesBuildPhase;
			buildActionMask = 2147483647;
			files = (
				9600E5BF2566A03B0018D709 /* bubble.swift in Sources */,
			);
			runOnlyForDeploymentPostprocessing = 0;
		};
/* End PBXSourcesBuildPhase section */

/* Begin XCBuildConfiguration section */
		9600E5B725669FF40018D709 /* Debug */ = {
			isa = XCBuildConfiguration;
			buildSettings = {
				ALWAYS_SEARCH_USER_PATHS = NO;
				CLANG_ANALYZER_NONNULL = YES;
				CLANG_ANALYZER_NUMBER_OBJECT_CONVERSION = YES_AGGRESSIVE;
				CLANG_CXX_LANGUAGE_STANDARD = "gnu++14";
				CLANG_CXX_LIBRARY = "libc++";
				CLANG_ENABLE_MODULES = YES;
				CLANG_ENABLE_OBJC_ARC = YES;
				CLANG_ENABLE_OBJC_WEAK = YES;
				CLANG_WARN_BLOCK_CAPTURE_AUTORELEASING = YES;
				CLANG_WARN_BOOL_CONVERSION = YES;
				CLANG_WARN_COMMA = YES;
				CLANG_WARN_CONSTANT_CONVERSION = YES;
				CLANG_WARN_DEPRECATED_OBJC_IMPLEMENTATIONS = YES;
				CLANG_WARN_DIRECT_OBJC_ISA_USAGE = YES_ERROR;
				CLANG_WARN_DOCUMENTATION_COMMENTS = YES;
				CLANG_WARN_EMPTY_BODY = YES;
				CLANG_WARN_ENUM_CONVERSION = YES;
				CLANG_WARN_INFINITE_RECURSION = YES;
				CLANG_WARN_INT_CONVERSION = YES;
				CLANG_WARN_NON_LITERAL_NULL_CONVERSION = YES;
				CLANG_WARN_OBJC_IMPLICIT_RETAIN_SELF = YES;
				CLANG_WARN_OBJC_LITERAL_CONVERSION = YES;
				CLANG_WARN_OBJC_ROOT_CLASS = YES_ERROR;
				CLANG_WARN_QUOTED_INCLUDE_IN_FRAMEWORK_HEADER = YES;
				CLANG_WARN_RANGE_LOOP_ANALYSIS = YES;
				CLANG_WARN_STRICT_PROTOTYPES = YES;
				CLANG_WARN_SUSPICIOUS_MOVE = YES;
				CLANG_WARN_UNGUARDED_AVAILABILITY = YES_AGGRESSIVE;
				CLANG_WARN_UNREACHABLE_CODE = YES;
				CLANG_WARN__DUPLICATE_METHOD_MATCH = YES;
				COPY_PHASE_STRIP = NO;
				DEBUG_INFORMATION_FORMAT = dwarf;
				ENABLE_STRICT_OBJC_MSGSEND = YES;
				ENABLE_TESTABILITY = YES;
				GCC_C_LANGUAGE_STANDARD = gnu11;
				GCC_DYNAMIC_NO_PIC = NO;
				GCC_NO_COMMON_BLOCKS = YES;
				GCC_OPTIMIZATION_LEVEL = 0;
				GCC_PREPROCESSOR_DEFINITIONS = (
					"DEBUG=1",
					"$(inherited)",
				);
				GCC_WARN_64_TO_32_BIT_CONVERSION = YES;
				GCC_WARN_ABOUT_RETURN_TYPE = YES_ERROR;
				GCC_WARN_UNDECLARED_SELECTOR = YES;
				GCC_WARN_UNINITIALIZED_AUTOS = YES_AGGRESSIVE;
				GCC_WARN_UNUSED_FUNCTION = YES;
				GCC_WARN_UNUSED_VARIABLE = YES;
				MACOSX_DEPLOYMENT_TARGET = 10.15;
				MTL_ENABLE_DEBUG_INFO = INCLUDE_SOURCE;
				MTL_FAST_MATH = YES;
				ONLY_ACTIVE_ARCH = YES;
				SDKROOT = macosx;
			};
			name = Debug;
		};
		9600E5B825669FF40018D709 /* Release */ = {
			isa = XCBuildConfiguration;
			buildSettings = {
				ALWAYS_SEARCH_USER_PATHS = NO;
				CLANG_ANALYZER_NONNULL = YES;
				CLANG_ANALYZER_NUMBER_OBJECT_CONVERSION = YES_AGGRESSIVE;
				CLANG_CXX_LANGUAGE_STANDARD = "gnu++14";
				CLANG_CXX_LIBRARY = "libc++";
				CLANG_ENABLE_MODULES = YES;
				CLANG_ENABLE_OBJC_ARC = YES;
				CLANG_ENABLE_OBJC_WEAK = YES;
				CLANG_WARN_BLOCK_CAPTURE_AUTORELEASING = YES;
				CLANG_WARN_BOOL_CONVERSION = YES;
				CLANG_WARN_COMMA = YES;
				CLANG_WARN_CONSTANT_CONVERSION = YES;
				CLANG_WARN_DEPRECATED_OBJC_IMPLEMENTATIONS = YES;
				CLANG_WARN_DIRECT_OBJC_ISA_USAGE = YES_ERROR;
				CLANG_WARN_DOCUMENTATION_COMMENTS = YES;
				CLANG_WARN_EMPTY_BODY = YES;
				CLANG_WARN_ENUM_CONVERSION = YES;
				CLANG_WARN_INFINITE_RECURSION = YES;
				CLANG_WARN_INT_CONVERSION = YES;
				CLANG_WARN_NON_LITERAL_NULL_CONVERSION = YES;
				CLANG_WARN_OBJC_IMPLICIT_RETAIN_SELF = YES;
				CLANG_WARN_OBJC_LITERAL_CONVERSION = YES;
				CLANG_WARN_OBJC_ROOT_CLASS = YES_ERROR;
				CLANG_WARN_QUOTED_INCLUDE_IN_FRAMEWORK_HEADER = YES;
				CLANG_WARN_RANGE_LOOP_ANALYSIS = YES;
				CLANG_WARN_STRICT_PROTOTYPES = YES;
				CLANG_WARN_SUSPICIOUS_MOVE = YES;
				CLANG_WARN_UNGUARDED_AVAILABILITY = YES_AGGRESSIVE;
				CLANG_WARN_UNREACHABLE_CODE = YES;
				CLANG_WARN__DUPLICATE_METHOD_MATCH = YES;
				COPY_PHASE_STRIP = NO;
				DEBUG_INFORMATION_FORMAT = "dwarf-with-dsym";
				ENABLE_NS_ASSERTIONS = NO;
				ENABLE_STRICT_OBJC_MSGSEND = YES;
				GCC_C_LANGUAGE_STANDARD = gnu11;
				GCC_NO_COMMON_BLOCKS = YES;
				GCC_WARN_64_TO_32_BIT_CONVERSION = YES;
				GCC_WARN_ABOUT_RETURN_TYPE = YES_ERROR;
				GCC_WARN_UNDECLARED_SELECTOR = YES;
				GCC_WARN_UNINITIALIZED_AUTOS = YES_AGGRESSIVE;
				GCC_WARN_UNUSED_FUNCTION = YES;
				GCC_WARN_UNUSED_VARIABLE = YES;
				MACOSX_DEPLOYMENT_TARGET = 10.15;
				MTL_ENABLE_DEBUG_INFO = NO;
				MTL_FAST_MATH = YES;
				SDKROOT = macosx;
			};
			name = Release;
		};
		9600E5BA25669FF40018D709 /* Debug */ = {
			isa = XCBuildConfiguration;
			buildSettings = {
				CLANG_ENABLE_MODULES = YES;
				CODE_SIGN_STYLE = Automatic;
				COMBINE_HIDPI_IMAGES = YES;
				DEVELOPMENT_ASSET_PATHS = "bubble-screensaver/thumbnail@2x.png bubble-screensaver/thumbnail.png bubble-screensaver/SoapBubble1080p.mov";
				DEVELOPMENT_TEAM = ZBC4F58GF3;
				INFOPLIST_FILE = "bubble-screensaver/Info.plist";
				INSTALL_PATH = "$(HOME)/Library/Screen Savers";
				LD_RUNPATH_SEARCH_PATHS = (
					"$(inherited)",
					"@executable_path/../Frameworks",
					"@loader_path/../Frameworks",
				);
				PRODUCT_BUNDLE_IDENTIFIER = "-6308149.bubble-screensaver";
				PRODUCT_NAME = "$(TARGET_NAME)";
				SWIFT_OPTIMIZATION_LEVEL = "-Onone";
				SWIFT_VERSION = 5.0;
				WRAPPER_EXTENSION = saver;
			};
			name = Debug;
		};
		9600E5BB25669FF40018D709 /* Release */ = {
			isa = XCBuildConfiguration;
			buildSettings = {
				CLANG_ENABLE_MODULES = YES;
				CODE_SIGN_STYLE = Automatic;
				COMBINE_HIDPI_IMAGES = YES;
				DEVELOPMENT_ASSET_PATHS = "bubble-screensaver/thumbnail@2x.png bubble-screensaver/thumbnail.png bubble-screensaver/SoapBubble1080p.mov";
				DEVELOPMENT_TEAM = ZBC4F58GF3;
				INFOPLIST_FILE = "bubble-screensaver/Info.plist";
				INSTALL_PATH = "$(HOME)/Library/Screen Savers";
				LD_RUNPATH_SEARCH_PATHS = (
					"$(inherited)",
					"@executable_path/../Frameworks",
					"@loader_path/../Frameworks",
				);
				PRODUCT_BUNDLE_IDENTIFIER = "-6308149.bubble-screensaver";
				PRODUCT_NAME = "$(TARGET_NAME)";
				SWIFT_VERSION = 5.0;
				WRAPPER_EXTENSION = saver;
			};
			name = Release;
		};
/* End XCBuildConfiguration section */

/* Begin XCConfigurationList section */
		9600E5A925669FF30018D709 /* Build configuration list for PBXProject "bubble-screensaver" */ = {
			isa = XCConfigurationList;
			buildConfigurations = (
				9600E5B725669FF40018D709 /* Debug */,
				9600E5B825669FF40018D709 /* Release */,
			);
			defaultConfigurationIsVisible = 0;
			defaultConfigurationName = Release;
		};
		9600E5B925669FF40018D709 /* Build configuration list for PBXNativeTarget "bubble-screensaver" */ = {
			isa = XCConfigurationList;
			buildConfigurations = (
				9600E5BA25669FF40018D709 /* Debug */,
				9600E5BB25669FF40018D709 /* Release */,
			);
			defaultConfigurationIsVisible = 0;
			defaultConfigurationName = Release;
		};
/* End XCConfigurationList section */
	};
	rootObject = 9600E5A625669FF30018D709 /* Project object */;
}
